{
	"name": "introtojs",
	"version": "1.7.4",
	"lockfileVersion": 1,
	"requires": true,
	"dependencies": {
		"@code-dot-org/p5": {
			"version": "0.5.4-cdo.10",
			"resolved": "https://registry.npmjs.org/@code-dot-org/p5/-/p5-0.5.4-cdo.10.tgz",
			"integrity": "sha512-UnlIasrM4YOULFhWLnnvx2DFznQEuEtSwL9JGD1zWfpEWoQ5hnfJcDuTKvmy7wUlt5hrE2M5aF2aMwxBfEYGTQ==",
			"requires": {
				"opentype.js": "^0.4.9",
				"reqwest": "^1.1.5"
			}
		},
		"@code-dot-org/p5.play": {
			"version": "1.3.18-cdo",
			"resolved": "https://registry.npmjs.org/@code-dot-org/p5.play/-/p5.play-1.3.18-cdo.tgz",
			"integrity": "sha512-lcJp8a8exbUOLaZ29KIpmEN6wvckSi5vURxb6ZewlO5ASpz3GONMLvHoWU3RSd6ON9ippWRuWp9kzi7mHBDX+Q==",
			"requires": {
				"@code-dot-org/p5": "0.5.4-cdo.10"
			}
		},
		"jquery": {
			"version": "3.6.0",
			"resolved": "https://registry.npmjs.org/jquery/-/jquery-3.6.0.tgz",
			"integrity": "sha512-JVzAR/AjBvVt2BmYhxRCSYysDsPcssdmTFnzyLEts9qNwmjmu4JTAMYubEfwVOSwpQ1I1sKKFcxhZCI2buerfw=="
		},
		"opentype.js": {
			"version": "0.4.11",
			"resolved": "https://registry.npmjs.org/opentype.js/-/opentype.js-0.4.11.tgz",
			"integrity": "sha1-KBojkGOcwVkxyVXY1jwUp8d3K0E="
		},
		"p5": {
			"version": "1.4.0",
			"resolved": "https://registry.npmjs.org/p5/-/p5-1.4.0.tgz",
			"integrity": "sha512-U888W2ChcIzPhRhnv4FkNhaa4f5BDIWZfLhzvx9ZrQ5KtkZr/+o1UPIicV3yWTRy0HEG23NviHyDR3kgjaJ9wA=="
		},
		"quintos": {
			"version": "1.6.52",
			"resolved": "https://registry.npmjs.org/quintos/-/quintos-1.6.52.tgz",
			"integrity": "sha512-RohkM0e5jG2fWVoDONelAgndPLf768NHFXb31K2jTM7maCXnZnp4LR2vTlCAMeU0i8jjtClPI5C5p1DIX6wi8Q=="
		},
		"reqwest": {
			"version": "1.1.6",
			"resolved": "https://registry.npmjs.org/reqwest/-/reqwest-1.1.6.tgz",
			"integrity": "sha1-S2iU0pWWv46CSiXzSXXfFVYu6BM="
		}
	}
}
